<Solution>
  <Folder Name="/Bootstrapper/">
    <Project Path="Bootstrapper/Eshop.API/Eshop.API.csproj" />
  </Folder>
  <Folder Name="/Modules/" />
  <Folder Name="/Modules/Basket/">
    <Project Path="Modules/Basket/Basket/Basket.csproj" />
  </Folder>
  <Folder Name="/Modules/Catalog/">
    <Project Path="Modules/Catalog/Catalog.Contracts/Catalog.Contracts.csproj" Id="d0563255-9c34-407f-8b1a-9069116ee9da" />
    <Project Path="Modules/Catalog/Catalog/Catalog.csproj" />
  </Folder>
  <Folder Name="/Modules/Ordering/">
    <Project Path="Modules/Ordering/Ordering/Ordering.csproj" />
  </Folder>
  <Folder Name="/Shared/">
    <Project Path="Shared/Shared.Contracts/Shared.Contracts.csproj" />
    <Project Path="Shared/Shared/Shared.csproj" />
  </Folder>
  <Project Path="docker-compose.dcproj">
    <Build />
  </Project>
</Solution>
